
Microsoft Visual Studio Solution File, Format Version 12.00
# Visual Studio 14
VisualStudioVersion = 14.0.25420.1
MinimumVisualStudioVersion = 10.0.40219.1
Project("{FAE04EC0-301F-11D3-BF4B-00C04F79EFBC}") = "gameconsole", "gameconsole\gameconsole.csproj", "{5A8FAF02-8364-416D-8972-18F9DD459DFD}"
EndProject
Project("{FAE04EC0-301F-11D3-BF4B-00C04F79EFBC}") = "gamedata", "gamedata\gamedata.csproj", "{277A8016-5F80-44EC-917C-0500174150F5}"
EndProject
Global
	GlobalSection(SolutionConfigurationPlatforms) = preSolution
		Debug|Any CPU = Debug|Any CPU
		Release|Any CPU = Release|Any CPU
	EndGlobalSection
	GlobalSection(ProjectConfigurationPlatforms) = postSolution
		{5A8FAF02-8364-416D-8972-18F9DD459DFD}.Debug|Any CPU.ActiveCfg = Debug|Any CPU
		{5A8FAF02-8364-416D-8972-18F9DD459DFD}.Debug|Any CPU.Build.0 = Debug|Any CPU
		{5A8FAF02-8364-416D-8972-18F9DD459DFD}.Release|Any CPU.ActiveCfg = Release|Any CPU
		{5A8FAF02-8364-416D-8972-18F9DD459DFD}.Release|Any CPU.Build.0 = Release|Any CPU
		{277A8016-5F80-44EC-917C-0500174150F5}.Debug|Any CPU.ActiveCfg = Debug|Any CPU
		{277A8016-5F80-44EC-917C-0500174150F5}.Debug|Any CPU.Build.0 = Debug|Any CPU
		{277A8016-5F80-44EC-917C-0500174150F5}.Release|Any CPU.ActiveCfg = Release|Any CPU
		{277A8016-5F80-44EC-917C-0500174150F5}.Release|Any CPU.Build.0 = Release|Any CPU
	EndGlobalSection
	GlobalSection(SolutionProperties) = preSolution
		HideSolutionNode = FALSE
	EndGlobalSection
EndGlobal
